
Microsoft Visual Studio Solution File, Format Version 12.00
# Visual Studio Version 17
VisualStudioVersion = 17.10.35013.160
MinimumVisualStudioVersion = 10.0.40219.1
Project("{9A19103F-16F7-4668-BE54-9A1E7A4F7556}") = "HotelManager", "HotelManager\HotelManager.csproj", "{46827CCB-BACD-4809-9167-2FC668F28803}"
EndProject
Project("{FAE04EC0-301F-11D3-BF4B-00C04F79EFBC}") = "HotelManager.Core", "HotelManager.Core\HotelManager.Core.csproj", "{F7900BBF-FA15-4C1B-A027-31A5110133B8}"
EndProject
Project("{FAE04EC0-301F-11D3-BF4B-00C04F79EFBC}") = "HotelManager.Data", "HotelManager.Data\HotelManager.Data.csproj", "{8D1E5FE0-4AE5-4E32-9B53-93B53F1DDC72}"
EndProject
Project("{FAE04EC0-301F-11D3-BF4B-00C04F79EFBC}") = "HotelManager.Domain", "HotelManager.Domain\HotelManager.Domain.csproj", "{A0D3DB21-93C1-480C-B529-DBE1A3C56177}"
EndProject
Global
	GlobalSection(SolutionConfigurationPlatforms) = preSolution
		Debug|Any CPU = Debug|Any CPU
		Release|Any CPU = Release|Any CPU
	EndGlobalSection
	GlobalSection(ProjectConfigurationPlatforms) = postSolution
		{46827CCB-BACD-4809-9167-2FC668F28803}.Debug|Any CPU.ActiveCfg = Debug|Any CPU
		{46827CCB-BACD-4809-9167-2FC668F28803}.Debug|Any CPU.Build.0 = Debug|Any CPU
		{46827CCB-BACD-4809-9167-2FC668F28803}.Release|Any CPU.ActiveCfg = Release|Any CPU
		{46827CCB-BACD-4809-9167-2FC668F28803}.Release|Any CPU.Build.0 = Release|Any CPU
		{F7900BBF-FA15-4C1B-A027-31A5110133B8}.Debug|Any CPU.ActiveCfg = Debug|Any CPU
		{F7900BBF-FA15-4C1B-A027-31A5110133B8}.Debug|Any CPU.Build.0 = Debug|Any CPU
		{F7900BBF-FA15-4C1B-A027-31A5110133B8}.Release|Any CPU.ActiveCfg = Release|Any CPU
		{F7900BBF-FA15-4C1B-A027-31A5110133B8}.Release|Any CPU.Build.0 = Release|Any CPU
		{8D1E5FE0-4AE5-4E32-9B53-93B53F1DDC72}.Debug|Any CPU.ActiveCfg = Debug|Any CPU
		{8D1E5FE0-4AE5-4E32-9B53-93B53F1DDC72}.Debug|Any CPU.Build.0 = Debug|Any CPU
		{8D1E5FE0-4AE5-4E32-9B53-93B53F1DDC72}.Release|Any CPU.ActiveCfg = Release|Any CPU
		{8D1E5FE0-4AE5-4E32-9B53-93B53F1DDC72}.Release|Any CPU.Build.0 = Release|Any CPU
		{A0D3DB21-93C1-480C-B529-DBE1A3C56177}.Debug|Any CPU.ActiveCfg = Debug|Any CPU
		{A0D3DB21-93C1-480C-B529-DBE1A3C56177}.Debug|Any CPU.Build.0 = Debug|Any CPU
		{A0D3DB21-93C1-480C-B529-DBE1A3C56177}.Release|Any CPU.ActiveCfg = Release|Any CPU
		{A0D3DB21-93C1-480C-B529-DBE1A3C56177}.Release|Any CPU.Build.0 = Release|Any CPU
	EndGlobalSection
	GlobalSection(SolutionProperties) = preSolution
		HideSolutionNode = FALSE
	EndGlobalSection
	GlobalSection(ExtensibilityGlobals) = postSolution
		SolutionGuid = {060573C4-451F-4658-9E1E-628CF60B5D35}
	EndGlobalSection
EndGlobal
