
Microsoft Visual Studio Solution File, Format Version 12.00
# Visual Studio Version 17
VisualStudioVersion = 17.10.35013.160
MinimumVisualStudioVersion = 10.0.40219.1
Project("{FAE04EC0-301F-11D3-BF4B-00C04F79EFBC}") = "HotelManager", "HotelManager\HotelManager.csproj", "{46827CCB-BACD-4809-9167-2FC668F28803}"
EndProject
Global
	GlobalSection(SolutionConfigurationPlatforms) = preSolution
		Debug|Any CPU = Debug|Any CPU
		Release|Any CPU = Release|Any CPU
	EndGlobalSection
	GlobalSection(ProjectConfigurationPlatforms) = postSolution
		{46827CCB-BACD-4809-9167-2FC668F28803}.Debug|Any CPU.ActiveCfg = Debug|Any CPU
		{46827CCB-BACD-4809-9167-2FC668F28803}.Debug|Any CPU.Build.0 = Debug|Any CPU
		{46827CCB-BACD-4809-9167-2FC668F28803}.Release|Any CPU.ActiveCfg = Release|Any CPU
		{46827CCB-BACD-4809-9167-2FC668F28803}.Release|Any CPU.Build.0 = Release|Any CPU
	EndGlobalSection
	GlobalSection(SolutionProperties) = preSolution
		HideSolutionNode = FALSE
	EndGlobalSection
	GlobalSection(ExtensibilityGlobals) = postSolution
		SolutionGuid = {060573C4-451F-4658-9E1E-628CF60B5D35}
	EndGlobalSection
EndGlobal
